
Microsoft Visual Studio Solution File, Format Version 12.00
# Visual Studio Version 17
VisualStudioVersion = 17.9.34728.123
MinimumVisualStudioVersion = 10.0.40219.1
Project("{FAE04EC0-301F-11D3-BF4B-00C04F79EFBC}") = "Iteratory", "Iteratory\Iteratory.csproj", "{3A585CA4-47B6-4D98-B8E3-0B794AC21E09}"
EndProject
Global
	GlobalSection(SolutionConfigurationPlatforms) = preSolution
		Debug|Any CPU = Debug|Any CPU
		Release|Any CPU = Release|Any CPU
	EndGlobalSection
	GlobalSection(ProjectConfigurationPlatforms) = postSolution
		{3A585CA4-47B6-4D98-B8E3-0B794AC21E09}.Debug|Any CPU.ActiveCfg = Debug|Any CPU
		{3A585CA4-47B6-4D98-B8E3-0B794AC21E09}.Debug|Any CPU.Build.0 = Debug|Any CPU
		{3A585CA4-47B6-4D98-B8E3-0B794AC21E09}.Release|Any CPU.ActiveCfg = Release|Any CPU
		{3A585CA4-47B6-4D98-B8E3-0B794AC21E09}.Release|Any CPU.Build.0 = Release|Any CPU
	EndGlobalSection
	GlobalSection(SolutionProperties) = preSolution
		HideSolutionNode = FALSE
	EndGlobalSection
	GlobalSection(ExtensibilityGlobals) = postSolution
		SolutionGuid = {7D11FEEC-08C0-4FAF-99CD-21253D5F9BB0}
	EndGlobalSection
EndGlobal
